
Microsoft Visual Studio Solution File, Format Version 12.00
# Visual Studio Version 16
VisualStudioVersion = 16.0.31402.337
MinimumVisualStudioVersion = 10.0.40219.1
Project("{FAE04EC0-301F-11D3-BF4B-00C04F79EFBC}") = "DatingApp", "DatingApp\DatingApp.csproj", "{B80EA2A5-5E0A-4E57-ABD9-C0C150779BE3}"
EndProject
Global
	GlobalSection(SolutionConfigurationPlatforms) = preSolution
		Debug|Any CPU = Debug|Any CPU
		Release|Any CPU = Release|Any CPU
	EndGlobalSection
	GlobalSection(ProjectConfigurationPlatforms) = postSolution
		{B80EA2A5-5E0A-4E57-ABD9-C0C150779BE3}.Debug|Any CPU.ActiveCfg = Debug|Any CPU
		{B80EA2A5-5E0A-4E57-ABD9-C0C150779BE3}.Debug|Any CPU.Build.0 = Debug|Any CPU
		{B80EA2A5-5E0A-4E57-ABD9-C0C150779BE3}.Release|Any CPU.ActiveCfg = Release|Any CPU
		{B80EA2A5-5E0A-4E57-ABD9-C0C150779BE3}.Release|Any CPU.Build.0 = Release|Any CPU
	EndGlobalSection
	GlobalSection(SolutionProperties) = preSolution
		HideSolutionNode = FALSE
	EndGlobalSection
	GlobalSection(ExtensibilityGlobals) = postSolution
		SolutionGuid = {01702A95-C87D-4C58-9F96-A7CE7A2CA74D}
	EndGlobalSection
EndGlobal
